{
  "version": 4,
  "terraform_version": "1.9.4",
  "serial": 34,
  "lineage": "d6833473-2ed0-9640-f77b-0af369af5731",
  "outputs": {},
  "resources": [
    {
      "mode": "managed",
      "type": "azurerm_network_interface",
      "name": "contoh",
      "provider": "provider[\"registry.terraform.io/hashicorp/azurerm\"]",
      "instances": [
        {
          "schema_version": 0,
          "attributes": {
            "accelerated_networking_enabled": false,
            "applied_dns_servers": [],
            "auxiliary_mode": "",
            "auxiliary_sku": "",
            "dns_servers": [],
            "edge_zone": "",
            "enable_accelerated_networking": false,
            "enable_ip_forwarding": false,
            "id": "/subscriptions/ff2d14b3-1df7-4fb7-9440-963a479f8079/resourceGroups/humanai-rg-prod-southeastasia/providers/Microsoft.Network/networkInterfaces/humanai-nic-prod-southeastasia",
            "internal_dns_name_label": "",
            "internal_domain_name_suffix": "h2gc0gcrj3ke3fsv212lkgmcie.ix.internal.cloudapp.net",
            "ip_configuration": [
              {
                "gateway_load_balancer_frontend_ip_configuration_id": "",
                "name": "internal",
                "primary": true,
                "private_ip_address": "10.0.1.4",
                "private_ip_address_allocation": "Dynamic",
                "private_ip_address_version": "IPv4",
                "public_ip_address_id": "/subscriptions/ff2d14b3-1df7-4fb7-9440-963a479f8079/resourceGroups/humanai-rg-prod-southeastasia/providers/Microsoft.Network/publicIPAddresses/humanai-ip-prod-southeastasia",
                "subnet_id": "/subscriptions/ff2d14b3-1df7-4fb7-9440-963a479f8079/resourceGroups/humanai-rg-prod-southeastasia/providers/Microsoft.Network/virtualNetworks/humanai-vnet-prod-southeastasia/subnets/humanai-subnet-prod-southeastasia"
              }
            ],
            "ip_forwarding_enabled": false,
            "location": "southeastasia",
            "mac_address": "60-45-BD-1D-84-D4",
            "name": "humanai-nic-prod-southeastasia",
            "private_ip_address": "10.0.1.4",
            "private_ip_addresses": [
              "10.0.1.4"
            ],
            "resource_group_name": "humanai-rg-prod-southeastasia",
            "tags": {},
            "timeouts": null,
            "virtual_machine_id": "/subscriptions/ff2d14b3-1df7-4fb7-9440-963a479f8079/resourceGroups/humanai-rg-prod-southeastasia/providers/Microsoft.Compute/virtualMachines/humanai-vm-prod-southeastasia"
          },
          "sensitive_attributes": [],
          "private": "eyJlMmJmYjczMC1lY2FhLTExZTYtOGY4OC0zNDM2M2JjN2M0YzAiOnsiY3JlYXRlIjoxODAwMDAwMDAwMDAwLCJkZWxldGUiOjE4MDAwMDAwMDAwMDAsInJlYWQiOjMwMDAwMDAwMDAwMCwidXBkYXRlIjoxODAwMDAwMDAwMDAwfSwic2NoZW1hX3ZlcnNpb24iOiIwIn0=",
          "dependencies": [
            "azurerm_public_ip.contoh",
            "azurerm_resource_group.contoh",
            "azurerm_subnet.contoh",
            "azurerm_virtual_network.contoh"
          ]
        }
      ]
    },
    {
      "mode": "managed",
      "type": "azurerm_network_interface_security_group_association",
      "name": "contoh",
      "provider": "provider[\"registry.terraform.io/hashicorp/azurerm\"]",
      "instances": [
        {
          "schema_version": 0,
          "attributes": {
            "id": "/subscriptions/ff2d14b3-1df7-4fb7-9440-963a479f8079/resourceGroups/humanai-rg-prod-southeastasia/providers/Microsoft.Network/networkInterfaces/humanai-nic-prod-southeastasia|/subscriptions/ff2d14b3-1df7-4fb7-9440-963a479f8079/resourceGroups/humanai-rg-prod-southeastasia/providers/Microsoft.Network/networkSecurityGroups/humanai-nsg-prod-southeastasia",
            "network_interface_id": "/subscriptions/ff2d14b3-1df7-4fb7-9440-963a479f8079/resourceGroups/humanai-rg-prod-southeastasia/providers/Microsoft.Network/networkInterfaces/humanai-nic-prod-southeastasia",
            "network_security_group_id": "/subscriptions/ff2d14b3-1df7-4fb7-9440-963a479f8079/resourceGroups/humanai-rg-prod-southeastasia/providers/Microsoft.Network/networkSecurityGroups/humanai-nsg-prod-southeastasia",
            "timeouts": null
          },
          "sensitive_attributes": [],
          "private": "eyJlMmJmYjczMC1lY2FhLTExZTYtOGY4OC0zNDM2M2JjN2M0YzAiOnsiY3JlYXRlIjoxODAwMDAwMDAwMDAwLCJkZWxldGUiOjE4MDAwMDAwMDAwMDAsInJlYWQiOjMwMDAwMDAwMDAwMH0sInNjaGVtYV92ZXJzaW9uIjoiMCJ9",
          "dependencies": [
            "azurerm_network_interface.contoh",
            "azurerm_network_security_group.contoh",
            "azurerm_public_ip.contoh",
            "azurerm_resource_group.contoh",
            "azurerm_subnet.contoh",
            "azurerm_virtual_network.contoh"
          ]
        }
      ]
    },
    {
      "mode": "managed",
      "type": "azurerm_network_security_group",
      "name": "contoh",
      "provider": "provider[\"registry.terraform.io/hashicorp/azurerm\"]",
      "instances": [
        {
          "schema_version": 0,
          "attributes": {
            "id": "/subscriptions/ff2d14b3-1df7-4fb7-9440-963a479f8079/resourceGroups/humanai-rg-prod-southeastasia/providers/Microsoft.Network/networkSecurityGroups/humanai-nsg-prod-southeastasia",
            "location": "southeastasia",
            "name": "humanai-nsg-prod-southeastasia",
            "resource_group_name": "humanai-rg-prod-southeastasia",
            "security_rule": [
              {
                "access": "Allow",
                "description": "",
                "destination_address_prefix": "*",
                "destination_address_prefixes": [],
                "destination_application_security_group_ids": [],
                "destination_port_range": "22",
                "destination_port_ranges": [],
                "direction": "Inbound",
                "name": "allow_ssh",
                "priority": 1000,
                "protocol": "Tcp",
                "source_address_prefix": "*",
                "source_address_prefixes": [],
                "source_application_security_group_ids": [],
                "source_port_range": "*",
                "source_port_ranges": []
              }
            ],
            "tags": {},
            "timeouts": null
          },
          "sensitive_attributes": [],
          "private": "eyJlMmJmYjczMC1lY2FhLTExZTYtOGY4OC0zNDM2M2JjN2M0YzAiOnsiY3JlYXRlIjoxODAwMDAwMDAwMDAwLCJkZWxldGUiOjE4MDAwMDAwMDAwMDAsInJlYWQiOjMwMDAwMDAwMDAwMCwidXBkYXRlIjoxODAwMDAwMDAwMDAwfSwic2NoZW1hX3ZlcnNpb24iOiIwIn0=",
          "dependencies": [
            "azurerm_resource_group.contoh"
          ]
        }
      ]
    },
    {
      "mode": "managed",
      "type": "azurerm_public_ip",
      "name": "contoh",
      "provider": "provider[\"registry.terraform.io/hashicorp/azurerm\"]",
      "instances": [
        {
          "schema_version": 0,
          "attributes": {
            "allocation_method": "Dynamic",
            "ddos_protection_mode": "VirtualNetworkInherited",
            "ddos_protection_plan_id": null,
            "domain_name_label": null,
            "edge_zone": "",
            "fqdn": null,
            "id": "/subscriptions/ff2d14b3-1df7-4fb7-9440-963a479f8079/resourceGroups/humanai-rg-prod-southeastasia/providers/Microsoft.Network/publicIPAddresses/humanai-ip-prod-southeastasia",
            "idle_timeout_in_minutes": 4,
            "ip_address": "52.187.19.77",
            "ip_tags": {},
            "ip_version": "IPv4",
            "location": "southeastasia",
            "name": "humanai-ip-prod-southeastasia",
            "public_ip_prefix_id": null,
            "resource_group_name": "humanai-rg-prod-southeastasia",
            "reverse_fqdn": null,
            "sku": "Basic",
            "sku_tier": "Regional",
            "tags": {},
            "timeouts": null,
            "zones": []
          },
          "sensitive_attributes": [],
          "private": "eyJlMmJmYjczMC1lY2FhLTExZTYtOGY4OC0zNDM2M2JjN2M0YzAiOnsiY3JlYXRlIjoxODAwMDAwMDAwMDAwLCJkZWxldGUiOjE4MDAwMDAwMDAwMDAsInJlYWQiOjMwMDAwMDAwMDAwMCwidXBkYXRlIjoxODAwMDAwMDAwMDAwfSwic2NoZW1hX3ZlcnNpb24iOiIwIn0=",
          "dependencies": [
            "azurerm_resource_group.contoh"
          ]
        }
      ]
    },
    {
      "mode": "managed",
      "type": "azurerm_resource_group",
      "name": "contoh",
      "provider": "provider[\"registry.terraform.io/hashicorp/azurerm\"]",
      "instances": [
        {
          "schema_version": 0,
          "attributes": {
            "id": "/subscriptions/ff2d14b3-1df7-4fb7-9440-963a479f8079/resourceGroups/humanai-rg-prod-southeastasia",
            "location": "southeastasia",
            "managed_by": "",
            "name": "humanai-rg-prod-southeastasia",
            "tags": {},
            "timeouts": null
          },
          "sensitive_attributes": [],
          "private": "eyJlMmJmYjczMC1lY2FhLTExZTYtOGY4OC0zNDM2M2JjN2M0YzAiOnsiY3JlYXRlIjo1NDAwMDAwMDAwMDAwLCJkZWxldGUiOjU0MDAwMDAwMDAwMDAsInJlYWQiOjMwMDAwMDAwMDAwMCwidXBkYXRlIjo1NDAwMDAwMDAwMDAwfSwic2NoZW1hX3ZlcnNpb24iOiIwIn0="
        }
      ]
    },
    {
      "mode": "managed",
      "type": "azurerm_subnet",
      "name": "contoh",
      "provider": "provider[\"registry.terraform.io/hashicorp/azurerm\"]",
      "instances": [
        {
          "schema_version": 0,
          "attributes": {
            "address_prefixes": [
              "10.0.1.0/24"
            ],
            "default_outbound_access_enabled": true,
            "delegation": [],
            "enforce_private_link_endpoint_network_policies": false,
            "enforce_private_link_service_network_policies": false,
            "id": "/subscriptions/ff2d14b3-1df7-4fb7-9440-963a479f8079/resourceGroups/humanai-rg-prod-southeastasia/providers/Microsoft.Network/virtualNetworks/humanai-vnet-prod-southeastasia/subnets/humanai-subnet-prod-southeastasia",
            "name": "humanai-subnet-prod-southeastasia",
            "private_endpoint_network_policies": "Enabled",
            "private_endpoint_network_policies_enabled": true,
            "private_link_service_network_policies_enabled": true,
            "resource_group_name": "humanai-rg-prod-southeastasia",
            "service_endpoint_policy_ids": [],
            "service_endpoints": [],
            "timeouts": null,
            "virtual_network_name": "humanai-vnet-prod-southeastasia"
          },
          "sensitive_attributes": [],
          "private": "eyJlMmJmYjczMC1lY2FhLTExZTYtOGY4OC0zNDM2M2JjN2M0YzAiOnsiY3JlYXRlIjoxODAwMDAwMDAwMDAwLCJkZWxldGUiOjE4MDAwMDAwMDAwMDAsInJlYWQiOjMwMDAwMDAwMDAwMCwidXBkYXRlIjoxODAwMDAwMDAwMDAwfSwic2NoZW1hX3ZlcnNpb24iOiIwIn0=",
          "dependencies": [
            "azurerm_resource_group.contoh",
            "azurerm_virtual_network.contoh"
          ]
        }
      ]
    },
    {
      "mode": "managed",
      "type": "azurerm_virtual_network",
      "name": "contoh",
      "provider": "provider[\"registry.terraform.io/hashicorp/azurerm\"]",
      "instances": [
        {
          "schema_version": 0,
          "attributes": {
            "address_space": [
              "10.0.0.0/16"
            ],
            "bgp_community": "",
            "ddos_protection_plan": [],
            "dns_servers": [],
            "edge_zone": "",
            "encryption": [],
            "flow_timeout_in_minutes": 0,
            "guid": "182d0c3f-4f51-4e54-9655-e6f8b5198244",
            "id": "/subscriptions/ff2d14b3-1df7-4fb7-9440-963a479f8079/resourceGroups/humanai-rg-prod-southeastasia/providers/Microsoft.Network/virtualNetworks/humanai-vnet-prod-southeastasia",
            "location": "southeastasia",
            "name": "humanai-vnet-prod-southeastasia",
            "resource_group_name": "humanai-rg-prod-southeastasia",
            "subnet": [
              {
                "address_prefix": "10.0.1.0/24",
                "id": "/subscriptions/ff2d14b3-1df7-4fb7-9440-963a479f8079/resourceGroups/humanai-rg-prod-southeastasia/providers/Microsoft.Network/virtualNetworks/humanai-vnet-prod-southeastasia/subnets/humanai-subnet-prod-southeastasia",
                "name": "humanai-subnet-prod-southeastasia",
                "security_group": ""
              }
            ],
            "tags": {},
            "timeouts": null
          },
          "sensitive_attributes": [],
          "private": "eyJlMmJmYjczMC1lY2FhLTExZTYtOGY4OC0zNDM2M2JjN2M0YzAiOnsiY3JlYXRlIjoxODAwMDAwMDAwMDAwLCJkZWxldGUiOjE4MDAwMDAwMDAwMDAsInJlYWQiOjMwMDAwMDAwMDAwMCwidXBkYXRlIjoxODAwMDAwMDAwMDAwfSwic2NoZW1hX3ZlcnNpb24iOiIwIn0=",
          "dependencies": [
            "azurerm_resource_group.contoh"
          ]
        }
      ]
    },
    {
      "module": "module.azure_vm",
      "mode": "managed",
      "type": "azurerm_linux_virtual_machine",
      "name": "contoh",
      "provider": "provider[\"registry.terraform.io/hashicorp/azurerm\"]",
      "instances": [
        {
          "schema_version": 0,
          "attributes": {
            "additional_capabilities": [],
            "admin_password": null,
            "admin_ssh_key": [
              {
                "public_key": "ssh-rsa AAAAB3NzaC1yc2EAAAADAQABAAABgQClSgMLCzJ8wQ9SIG+QEaouiEpXv5FWJW60RyrE/FuXEY4tIRshBdc6Rq2PMOPiedzSyM7wr+zON1jLCGiYM7ntOZFaduKWERoIfGYi3R1wEaXEiAegaHUcKnL1unx4ZbcdS9NHijfNvIBSwpie0ZHtlA63JDnHcVT/3TaFmEBjLXT4HbMrK7EjXgoqV8Cbz9Iy7rp5K500P8Cd3xwBMy7+92BbOC+RVhLQC5fUxgot2hE6C2IuM8Da2BuBd85lTDNfewsDC/ftdfLcP9J3IHX2aSGbe+uYpxplqZVibPeJcRib+kaYgRrt/GSZp7ZbsE5yYHVIQe4OdNNH2+F17Lvi90r5O43+DErqEZhJlRqqs1ELIkQqbWsHz/0IghdSBMGy2AWp8C47AMpJGazspNsCAhZYSpSwaVbaG5kR5akUwVT+K+9Wn3FQmxy1ezMBN7LaDAfgvUiBypLcv4ey6Y+0UJkY1iWGpooXf0eISMsGccLJtHHurK3z7wLSYsyOhIE= root@DESKTOP-PFCNASJ\n",
                "username": "adminuser"
              }
            ],
            "admin_username": "adminuser",
            "allow_extension_operations": true,
            "availability_set_id": "",
            "boot_diagnostics": [],
            "bypass_platform_safety_checks_on_user_schedule_enabled": false,
            "capacity_reservation_group_id": "",
            "computer_name": "humanai-vm-prod-southeastasia",
            "custom_data": "I2Nsb3VkLWNvbmZpZwp1c2VyczoKICAtIG5hbWU6IGZhcmlkCiAgICBzdWRvOiBBTEw9KEFMTCkgTk9QQVNTV0Q6QUxMCiAgICBzc2gtYXV0aG9yaXplZC1rZXlzOgogICAgICAtIHNzaC1yc2EgQUFBQUIzTnphQzF5YzJFQUFBQURBUUFCQUFBQmdRQ2xTZ01MQ3pKOHdROVNJRytRRWFvdWlFcFh2NUZXSlc2MFJ5ckUvRnVYRVk0dElSc2hCZGM2UnEyUE1PUGllZHpTeU03d3Irek9OMWpMQ0dpWU03bnRPWkZhZHVLV0VSb0lmR1lpM1Ixd0VhWEVpQWVnYUhVY0tuTDF1bng0WmJjZFM5TkhpamZOdklCU3dwaWUwWkh0bEE2M0pEbkhjVlQvM1RhRm1FQmpMWFQ0SGJNcks3RWpYZ29xVjhDYno5SXk3cnA1SzUwMFA4Q2QzeHdCTXk3KzkyQmJPQytSVmhMUUM1ZlV4Z290MmhFNkMySXVNOERhMkJ1QmQ4NWxURE5mZXdzREMvZnRkZkxjUDlKM0lIWDJhU0diZSt1WXB4cGxxWlZpYlBlSmNSaWIra2FZZ1JydC9HU1pwN1pic0U1eVlIVklRZTRPZE5OSDIrRjE3THZpOTByNU80MytERXJxRVpoSmxScXFzMUVMSWtRcWJXc0h6LzBJZ2hkU0JNR3kyQVdwOEM0N0FNcEpHYXpzcE5zQ0FoWllTcFN3YVZiYUc1a1I1YWtVd1ZUK0srOVduM0ZRbXh5MWV6TUJON0xhREFmZ3ZVaUJ5cExjdjRleTZZKzBVSmtZMWlXR3Bvb1hmMGVJU01zR2NjTEp0SEh1ckszejd3TFNZc3lPaElFPSByb290QERFU0tUT1AtUEZDTkFTSg==",
            "dedicated_host_group_id": "",
            "dedicated_host_id": "",
            "disable_password_authentication": true,
            "disk_controller_type": "",
            "edge_zone": "",
            "encryption_at_host_enabled": false,
            "eviction_policy": "",
            "extensions_time_budget": "PT1H30M",
            "gallery_application": [],
            "id": "/subscriptions/ff2d14b3-1df7-4fb7-9440-963a479f8079/resourceGroups/humanai-rg-prod-southeastasia/providers/Microsoft.Compute/virtualMachines/humanai-vm-prod-southeastasia",
            "identity": [],
            "license_type": "",
            "location": "southeastasia",
            "max_bid_price": -1,
            "name": "humanai-vm-prod-southeastasia",
            "network_interface_ids": [
              "/subscriptions/ff2d14b3-1df7-4fb7-9440-963a479f8079/resourceGroups/humanai-rg-prod-southeastasia/providers/Microsoft.Network/networkInterfaces/humanai-nic-prod-southeastasia"
            ],
            "os_disk": [
              {
                "caching": "ReadWrite",
                "diff_disk_settings": [],
                "disk_encryption_set_id": "",
                "disk_size_gb": 30,
                "name": "humanai-vm-prod-southeastasia_OsDisk_1_367f9365e06240f9842343c4f47c4836",
                "secure_vm_disk_encryption_set_id": "",
                "security_encryption_type": "",
                "storage_account_type": "Premium_LRS",
                "write_accelerator_enabled": false
              }
            ],
            "os_image_notification": [],
            "patch_assessment_mode": "ImageDefault",
            "patch_mode": "ImageDefault",
            "plan": [],
            "platform_fault_domain": -1,
            "priority": "Regular",
            "private_ip_address": "10.0.1.4",
            "private_ip_addresses": [
              "10.0.1.4"
            ],
            "provision_vm_agent": true,
            "proximity_placement_group_id": "",
            "public_ip_address": "52.187.19.77",
            "public_ip_addresses": [
              "52.187.19.77"
            ],
            "reboot_setting": "",
            "resource_group_name": "humanai-rg-prod-southeastasia",
            "secret": [],
            "secure_boot_enabled": false,
            "size": "Standard_DS1_v2",
            "source_image_id": "",
            "source_image_reference": [
              {
                "offer": "UbuntuServer",
                "publisher": "Canonical",
                "sku": "18.04-LTS",
                "version": "latest"
              }
            ],
            "tags": {},
            "termination_notification": [],
            "timeouts": null,
            "user_data": "",
            "virtual_machine_id": "1e102be4-fa77-418d-888e-323d3a40f5ac",
            "virtual_machine_scale_set_id": "",
            "vm_agent_platform_updates_enabled": false,
            "vtpm_enabled": false,
            "zone": ""
          },
          "sensitive_attributes": [
            [
              {
                "type": "get_attr",
                "value": "custom_data"
              }
            ],
            [
              {
                "type": "get_attr",
                "value": "admin_password"
              }
            ]
          ],
          "private": "eyJlMmJmYjczMC1lY2FhLTExZTYtOGY4OC0zNDM2M2JjN2M0YzAiOnsiY3JlYXRlIjoyNzAwMDAwMDAwMDAwLCJkZWxldGUiOjI3MDAwMDAwMDAwMDAsInJlYWQiOjMwMDAwMDAwMDAwMCwidXBkYXRlIjoyNzAwMDAwMDAwMDAwfX0=",
          "dependencies": [
            "azurerm_network_interface.contoh",
            "azurerm_public_ip.contoh",
            "azurerm_resource_group.contoh",
            "azurerm_subnet.contoh",
            "azurerm_virtual_network.contoh"
          ]
        }
      ]
    },
    {
      "module": "module.azure_vm",
      "mode": "managed",
      "type": "azurerm_managed_disk",
      "name": "data_disks",
      "provider": "provider[\"registry.terraform.io/hashicorp/azurerm\"]",
      "instances": [
        {
          "index_key": 0,
          "schema_version": 1,
          "attributes": {
            "create_option": "Empty",
            "disk_access_id": "",
            "disk_encryption_set_id": "",
            "disk_iops_read_only": 0,
            "disk_iops_read_write": 500,
            "disk_mbps_read_only": 0,
            "disk_mbps_read_write": 60,
            "disk_size_gb": 10,
            "edge_zone": "",
            "encryption_settings": [],
            "gallery_image_reference_id": "",
            "hyper_v_generation": "",
            "id": "/subscriptions/ff2d14b3-1df7-4fb7-9440-963a479f8079/resourceGroups/humanai-rg-prod-southeastasia/providers/Microsoft.Compute/disks/humanai-vm-prod-southeastasia-disk-0",
            "image_reference_id": "",
            "location": "southeastasia",
            "logical_sector_size": null,
            "max_shares": 0,
            "name": "humanai-vm-prod-southeastasia-disk-0",
            "network_access_policy": null,
            "on_demand_bursting_enabled": false,
            "optimized_frequent_attach_enabled": false,
            "os_type": "",
            "performance_plus_enabled": false,
            "public_network_access_enabled": true,
            "resource_group_name": "humanai-rg-prod-southeastasia",
            "secure_vm_disk_encryption_set_id": "",
            "security_type": "",
            "source_resource_id": "",
            "source_uri": "",
            "storage_account_id": "",
            "storage_account_type": "Standard_LRS",
            "tags": {},
            "tier": "",
            "timeouts": null,
            "trusted_launch_enabled": false,
            "upload_size_bytes": 0,
            "zone": ""
          },
          "sensitive_attributes": [],
          "private": "eyJlMmJmYjczMC1lY2FhLTExZTYtOGY4OC0zNDM2M2JjN2M0YzAiOnsiY3JlYXRlIjoxODAwMDAwMDAwMDAwLCJkZWxldGUiOjE4MDAwMDAwMDAwMDAsInJlYWQiOjMwMDAwMDAwMDAwMCwidXBkYXRlIjoxODAwMDAwMDAwMDAwfSwic2NoZW1hX3ZlcnNpb24iOiIxIn0=",
          "dependencies": [
            "azurerm_resource_group.contoh"
          ]
        }
      ]
    },
    {
      "module": "module.azure_vm",
      "mode": "managed",
      "type": "azurerm_virtual_machine_data_disk_attachment",
      "name": "data_disks",
      "provider": "provider[\"registry.terraform.io/hashicorp/azurerm\"]",
      "instances": [
        {
          "index_key": 0,
          "schema_version": 0,
          "attributes": {
            "caching": "ReadWrite",
            "create_option": "Attach",
            "id": "/subscriptions/ff2d14b3-1df7-4fb7-9440-963a479f8079/resourceGroups/humanai-rg-prod-southeastasia/providers/Microsoft.Compute/virtualMachines/humanai-vm-prod-southeastasia/dataDisks/humanai-vm-prod-southeastasia-disk-0",
            "lun": 0,
            "managed_disk_id": "/subscriptions/ff2d14b3-1df7-4fb7-9440-963a479f8079/resourceGroups/humanai-rg-prod-southeastasia/providers/Microsoft.Compute/disks/humanai-vm-prod-southeastasia-disk-0",
            "timeouts": null,
            "virtual_machine_id": "/subscriptions/ff2d14b3-1df7-4fb7-9440-963a479f8079/resourceGroups/humanai-rg-prod-southeastasia/providers/Microsoft.Compute/virtualMachines/humanai-vm-prod-southeastasia",
            "write_accelerator_enabled": false
          },
          "sensitive_attributes": [],
          "private": "eyJlMmJmYjczMC1lY2FhLTExZTYtOGY4OC0zNDM2M2JjN2M0YzAiOnsiY3JlYXRlIjoxODAwMDAwMDAwMDAwLCJkZWxldGUiOjE4MDAwMDAwMDAwMDAsInJlYWQiOjMwMDAwMDAwMDAwMCwidXBkYXRlIjoxODAwMDAwMDAwMDAwfX0=",
          "dependencies": [
            "azurerm_network_interface.contoh",
            "azurerm_public_ip.contoh",
            "azurerm_resource_group.contoh",
            "azurerm_subnet.contoh",
            "azurerm_virtual_network.contoh",
            "module.azure_vm.azurerm_linux_virtual_machine.contoh",
            "module.azure_vm.azurerm_managed_disk.data_disks"
          ]
        }
      ]
    }
  ],
  "check_results": null
}
